
Microsoft Visual Studio Solution File, Format Version 12.00
# Visual Studio Version 17
VisualStudioVersion = 17.0.32014.148
MinimumVisualStudioVersion = 10.0.40219.1
Project("{9A19103F-16F7-4668-BE54-9A1E7A4F7556}") = "EnesCanUyar_Odev3_TrashManagement", "EnesCanUyar_Odev3_TrashManagement.csproj", "{E0371BAF-C0E6-4BDC-B10B-2A44353955A2}"
EndProject
Project("{9A19103F-16F7-4668-BE54-9A1E7A4F7556}") = "TrashManagementApi_Data", "..\TrashManagementApi_Data\TrashManagementApi_Data.csproj", "{95F4403C-5155-4CCD-8029-0D2F45FF6633}"
EndProject
Project("{9A19103F-16F7-4668-BE54-9A1E7A4F7556}") = "Entity", "..\Entity\Entity.csproj", "{1B74F49A-7369-4B57-8951-9BF046B9315B}"
EndProject
Project("{9A19103F-16F7-4668-BE54-9A1E7A4F7556}") = "Core", "..\Core\Core.csproj", "{F5856461-B749-446F-9506-C5B76BED588E}"
EndProject
Global
	GlobalSection(SolutionConfigurationPlatforms) = preSolution
		Debug|Any CPU = Debug|Any CPU
		Release|Any CPU = Release|Any CPU
	EndGlobalSection
	GlobalSection(ProjectConfigurationPlatforms) = postSolution
		{E0371BAF-C0E6-4BDC-B10B-2A44353955A2}.Debug|Any CPU.ActiveCfg = Debug|Any CPU
		{E0371BAF-C0E6-4BDC-B10B-2A44353955A2}.Debug|Any CPU.Build.0 = Debug|Any CPU
		{E0371BAF-C0E6-4BDC-B10B-2A44353955A2}.Release|Any CPU.ActiveCfg = Release|Any CPU
		{E0371BAF-C0E6-4BDC-B10B-2A44353955A2}.Release|Any CPU.Build.0 = Release|Any CPU
		{95F4403C-5155-4CCD-8029-0D2F45FF6633}.Debug|Any CPU.ActiveCfg = Debug|Any CPU
		{95F4403C-5155-4CCD-8029-0D2F45FF6633}.Debug|Any CPU.Build.0 = Debug|Any CPU
		{95F4403C-5155-4CCD-8029-0D2F45FF6633}.Release|Any CPU.ActiveCfg = Release|Any CPU
		{95F4403C-5155-4CCD-8029-0D2F45FF6633}.Release|Any CPU.Build.0 = Release|Any CPU
		{1B74F49A-7369-4B57-8951-9BF046B9315B}.Debug|Any CPU.ActiveCfg = Debug|Any CPU
		{1B74F49A-7369-4B57-8951-9BF046B9315B}.Debug|Any CPU.Build.0 = Debug|Any CPU
		{1B74F49A-7369-4B57-8951-9BF046B9315B}.Release|Any CPU.ActiveCfg = Release|Any CPU
		{1B74F49A-7369-4B57-8951-9BF046B9315B}.Release|Any CPU.Build.0 = Release|Any CPU
		{F5856461-B749-446F-9506-C5B76BED588E}.Debug|Any CPU.ActiveCfg = Debug|Any CPU
		{F5856461-B749-446F-9506-C5B76BED588E}.Debug|Any CPU.Build.0 = Debug|Any CPU
		{F5856461-B749-446F-9506-C5B76BED588E}.Release|Any CPU.ActiveCfg = Release|Any CPU
		{F5856461-B749-446F-9506-C5B76BED588E}.Release|Any CPU.Build.0 = Release|Any CPU
	EndGlobalSection
	GlobalSection(SolutionProperties) = preSolution
		HideSolutionNode = FALSE
	EndGlobalSection
	GlobalSection(ExtensibilityGlobals) = postSolution
		SolutionGuid = {560ADFC5-1D3C-4BFA-AAC2-7DEDFB16DCAC}
	EndGlobalSection
EndGlobal
